
Microsoft Visual Studio Solution File, Format Version 12.00
# Visual Studio 15
VisualStudioVersion = 15.0.28307.421
MinimumVisualStudioVersion = 10.0.40219.1
Project("{F184B08F-C81C-45F6-A57F-5ABD9991F28F}") = "IRCCLIENT", "IRCCLIENT\IRCCLIENT.vbproj", "{8ACB0CA1-33FB-49CE-9F8A-CFC42A8B2A5E}"
EndProject
Global
	GlobalSection(SolutionConfigurationPlatforms) = preSolution
		Debug|Any CPU = Debug|Any CPU
		Release|Any CPU = Release|Any CPU
	EndGlobalSection
	GlobalSection(ProjectConfigurationPlatforms) = postSolution
		{8ACB0CA1-33FB-49CE-9F8A-CFC42A8B2A5E}.Debug|Any CPU.ActiveCfg = Debug|Any CPU
		{8ACB0CA1-33FB-49CE-9F8A-CFC42A8B2A5E}.Debug|Any CPU.Build.0 = Debug|Any CPU
		{8ACB0CA1-33FB-49CE-9F8A-CFC42A8B2A5E}.Release|Any CPU.ActiveCfg = Release|Any CPU
		{8ACB0CA1-33FB-49CE-9F8A-CFC42A8B2A5E}.Release|Any CPU.Build.0 = Release|Any CPU
	EndGlobalSection
	GlobalSection(SolutionProperties) = preSolution
		HideSolutionNode = FALSE
	EndGlobalSection
	GlobalSection(ExtensibilityGlobals) = postSolution
		SolutionGuid = {AFFC4A7F-A582-4E7F-95FD-AF0A20A23BD3}
	EndGlobalSection
EndGlobal
